
Microsoft Visual Studio Solution File, Format Version 12.00
# Visual Studio 14
VisualStudioVersion = 14.0.25123.0
MinimumVisualStudioVersion = 10.0.40219.1
Project("{2150E333-8FDC-42A3-9474-1A3956D46DE8}") = "2 - Domain", "2 - Domain", "{668EE92C-E856-4A86-871A-5635E55123B8}"
EndProject
Project("{2150E333-8FDC-42A3-9474-1A3956D46DE8}") = "1 - Interface", "1 - Interface", "{D2DEFFB5-0AEE-40C7-8082-1BD8FD67E2D1}"
EndProject
Project("{FAE04EC0-301F-11D3-BF4B-00C04F79EFBC}") = "BugTracker.Domain", "BugTracker.Domain\BugTracker.Domain.csproj", "{5B108B0A-73E7-4ABF-A015-7729DEC195CE}"
EndProject
Project("{2150E333-8FDC-42A3-9474-1A3956D46DE8}") = "3 - Infra", "3 - Infra", "{EBE37DF7-A1FE-4449-9EEB-AD7474DBA877}"
EndProject
Project("{FAE04EC0-301F-11D3-BF4B-00C04F79EFBC}") = "BugTracker.Infra.Service", "BugTracker.Infra.Service\BugTracker.Infra.Service.csproj", "{1A84045A-1CCC-4BBF-A76F-0E0CA40B5189}"
EndProject
Project("{FAE04EC0-301F-11D3-BF4B-00C04F79EFBC}") = "BugTracker.Infra.Repository", "BugTracker.Infra.Repository\BugTracker.Infra.Repository.csproj", "{A51ADAA6-E546-4CD3-8524-6A0DA8C049E1}"
EndProject
Project("{FAE04EC0-301F-11D3-BF4B-00C04F79EFBC}") = "BugTracker.Interface.Presentation", "Interface.Presentation\BugTracker.Interface.Presentation.csproj", "{8154B41C-838D-4431-AAB0-231D6E9F2DF9}"
EndProject
Project("{FAE04EC0-301F-11D3-BF4B-00C04F79EFBC}") = "BugTracker.Interface.Presentation.Test", "BugTracker.Interface.Presentation.Test\BugTracker.Interface.Presentation.Test.csproj", "{704322A9-460F-4A2C-99F1-0206DEA12B14}"
EndProject
Project("{FAE04EC0-301F-11D3-BF4B-00C04F79EFBC}") = "BugTracker.Domain.Test", "BugTracker.Domain.Test\BugTracker.Domain.Test.csproj", "{011B3D32-26EE-4398-A373-B0FD4DDB87C2}"
EndProject
Global
	GlobalSection(SolutionConfigurationPlatforms) = preSolution
		Debug|Any CPU = Debug|Any CPU
		Debug|ARM = Debug|ARM
		Debug|x64 = Debug|x64
		Debug|x86 = Debug|x86
		Release|Any CPU = Release|Any CPU
		Release|ARM = Release|ARM
		Release|x64 = Release|x64
		Release|x86 = Release|x86
	EndGlobalSection
	GlobalSection(ProjectConfigurationPlatforms) = postSolution
		{5B108B0A-73E7-4ABF-A015-7729DEC195CE}.Debug|Any CPU.ActiveCfg = Debug|Any CPU
		{5B108B0A-73E7-4ABF-A015-7729DEC195CE}.Debug|Any CPU.Build.0 = Debug|Any CPU
		{5B108B0A-73E7-4ABF-A015-7729DEC195CE}.Debug|ARM.ActiveCfg = Debug|Any CPU
		{5B108B0A-73E7-4ABF-A015-7729DEC195CE}.Debug|ARM.Build.0 = Debug|Any CPU
		{5B108B0A-73E7-4ABF-A015-7729DEC195CE}.Debug|x64.ActiveCfg = Debug|Any CPU
		{5B108B0A-73E7-4ABF-A015-7729DEC195CE}.Debug|x64.Build.0 = Debug|Any CPU
		{5B108B0A-73E7-4ABF-A015-7729DEC195CE}.Debug|x86.ActiveCfg = Debug|Any CPU
		{5B108B0A-73E7-4ABF-A015-7729DEC195CE}.Debug|x86.Build.0 = Debug|Any CPU
		{5B108B0A-73E7-4ABF-A015-7729DEC195CE}.Release|Any CPU.ActiveCfg = Release|Any CPU
		{5B108B0A-73E7-4ABF-A015-7729DEC195CE}.Release|Any CPU.Build.0 = Release|Any CPU
		{5B108B0A-73E7-4ABF-A015-7729DEC195CE}.Release|ARM.ActiveCfg = Release|Any CPU
		{5B108B0A-73E7-4ABF-A015-7729DEC195CE}.Release|ARM.Build.0 = Release|Any CPU
		{5B108B0A-73E7-4ABF-A015-7729DEC195CE}.Release|x64.ActiveCfg = Release|Any CPU
		{5B108B0A-73E7-4ABF-A015-7729DEC195CE}.Release|x64.Build.0 = Release|Any CPU
		{5B108B0A-73E7-4ABF-A015-7729DEC195CE}.Release|x86.ActiveCfg = Release|Any CPU
		{5B108B0A-73E7-4ABF-A015-7729DEC195CE}.Release|x86.Build.0 = Release|Any CPU
		{1A84045A-1CCC-4BBF-A76F-0E0CA40B5189}.Debug|Any CPU.ActiveCfg = Debug|Any CPU
		{1A84045A-1CCC-4BBF-A76F-0E0CA40B5189}.Debug|Any CPU.Build.0 = Debug|Any CPU
		{1A84045A-1CCC-4BBF-A76F-0E0CA40B5189}.Debug|ARM.ActiveCfg = Debug|Any CPU
		{1A84045A-1CCC-4BBF-A76F-0E0CA40B5189}.Debug|ARM.Build.0 = Debug|Any CPU
		{1A84045A-1CCC-4BBF-A76F-0E0CA40B5189}.Debug|x64.ActiveCfg = Debug|Any CPU
		{1A84045A-1CCC-4BBF-A76F-0E0CA40B5189}.Debug|x64.Build.0 = Debug|Any CPU
		{1A84045A-1CCC-4BBF-A76F-0E0CA40B5189}.Debug|x86.ActiveCfg = Debug|Any CPU
		{1A84045A-1CCC-4BBF-A76F-0E0CA40B5189}.Debug|x86.Build.0 = Debug|Any CPU
		{1A84045A-1CCC-4BBF-A76F-0E0CA40B5189}.Release|Any CPU.ActiveCfg = Release|Any CPU
		{1A84045A-1CCC-4BBF-A76F-0E0CA40B5189}.Release|Any CPU.Build.0 = Release|Any CPU
		{1A84045A-1CCC-4BBF-A76F-0E0CA40B5189}.Release|ARM.ActiveCfg = Release|Any CPU
		{1A84045A-1CCC-4BBF-A76F-0E0CA40B5189}.Release|ARM.Build.0 = Release|Any CPU
		{1A84045A-1CCC-4BBF-A76F-0E0CA40B5189}.Release|x64.ActiveCfg = Release|Any CPU
		{1A84045A-1CCC-4BBF-A76F-0E0CA40B5189}.Release|x64.Build.0 = Release|Any CPU
		{1A84045A-1CCC-4BBF-A76F-0E0CA40B5189}.Release|x86.ActiveCfg = Release|Any CPU
		{1A84045A-1CCC-4BBF-A76F-0E0CA40B5189}.Release|x86.Build.0 = Release|Any CPU
		{A51ADAA6-E546-4CD3-8524-6A0DA8C049E1}.Debug|Any CPU.ActiveCfg = Debug|Any CPU
		{A51ADAA6-E546-4CD3-8524-6A0DA8C049E1}.Debug|Any CPU.Build.0 = Debug|Any CPU
		{A51ADAA6-E546-4CD3-8524-6A0DA8C049E1}.Debug|ARM.ActiveCfg = Debug|Any CPU
		{A51ADAA6-E546-4CD3-8524-6A0DA8C049E1}.Debug|ARM.Build.0 = Debug|Any CPU
		{A51ADAA6-E546-4CD3-8524-6A0DA8C049E1}.Debug|x64.ActiveCfg = Debug|Any CPU
		{A51ADAA6-E546-4CD3-8524-6A0DA8C049E1}.Debug|x64.Build.0 = Debug|Any CPU
		{A51ADAA6-E546-4CD3-8524-6A0DA8C049E1}.Debug|x86.ActiveCfg = Debug|Any CPU
		{A51ADAA6-E546-4CD3-8524-6A0DA8C049E1}.Debug|x86.Build.0 = Debug|Any CPU
		{A51ADAA6-E546-4CD3-8524-6A0DA8C049E1}.Release|Any CPU.ActiveCfg = Release|Any CPU
		{A51ADAA6-E546-4CD3-8524-6A0DA8C049E1}.Release|Any CPU.Build.0 = Release|Any CPU
		{A51ADAA6-E546-4CD3-8524-6A0DA8C049E1}.Release|ARM.ActiveCfg = Release|Any CPU
		{A51ADAA6-E546-4CD3-8524-6A0DA8C049E1}.Release|ARM.Build.0 = Release|Any CPU
		{A51ADAA6-E546-4CD3-8524-6A0DA8C049E1}.Release|x64.ActiveCfg = Release|Any CPU
		{A51ADAA6-E546-4CD3-8524-6A0DA8C049E1}.Release|x64.Build.0 = Release|Any CPU
		{A51ADAA6-E546-4CD3-8524-6A0DA8C049E1}.Release|x86.ActiveCfg = Release|Any CPU
		{A51ADAA6-E546-4CD3-8524-6A0DA8C049E1}.Release|x86.Build.0 = Release|Any CPU
		{8154B41C-838D-4431-AAB0-231D6E9F2DF9}.Debug|Any CPU.ActiveCfg = Debug|Any CPU
		{8154B41C-838D-4431-AAB0-231D6E9F2DF9}.Debug|Any CPU.Build.0 = Debug|Any CPU
		{8154B41C-838D-4431-AAB0-231D6E9F2DF9}.Debug|ARM.ActiveCfg = Debug|Any CPU
		{8154B41C-838D-4431-AAB0-231D6E9F2DF9}.Debug|ARM.Build.0 = Debug|Any CPU
		{8154B41C-838D-4431-AAB0-231D6E9F2DF9}.Debug|x64.ActiveCfg = Debug|Any CPU
		{8154B41C-838D-4431-AAB0-231D6E9F2DF9}.Debug|x64.Build.0 = Debug|Any CPU
		{8154B41C-838D-4431-AAB0-231D6E9F2DF9}.Debug|x86.ActiveCfg = Debug|Any CPU
		{8154B41C-838D-4431-AAB0-231D6E9F2DF9}.Debug|x86.Build.0 = Debug|Any CPU
		{8154B41C-838D-4431-AAB0-231D6E9F2DF9}.Release|Any CPU.ActiveCfg = Release|Any CPU
		{8154B41C-838D-4431-AAB0-231D6E9F2DF9}.Release|Any CPU.Build.0 = Release|Any CPU
		{8154B41C-838D-4431-AAB0-231D6E9F2DF9}.Release|ARM.ActiveCfg = Release|Any CPU
		{8154B41C-838D-4431-AAB0-231D6E9F2DF9}.Release|ARM.Build.0 = Release|Any CPU
		{8154B41C-838D-4431-AAB0-231D6E9F2DF9}.Release|x64.ActiveCfg = Release|Any CPU
		{8154B41C-838D-4431-AAB0-231D6E9F2DF9}.Release|x64.Build.0 = Release|Any CPU
		{8154B41C-838D-4431-AAB0-231D6E9F2DF9}.Release|x86.ActiveCfg = Release|Any CPU
		{8154B41C-838D-4431-AAB0-231D6E9F2DF9}.Release|x86.Build.0 = Release|Any CPU
		{704322A9-460F-4A2C-99F1-0206DEA12B14}.Debug|Any CPU.ActiveCfg = Debug|Any CPU
		{704322A9-460F-4A2C-99F1-0206DEA12B14}.Debug|Any CPU.Build.0 = Debug|Any CPU
		{704322A9-460F-4A2C-99F1-0206DEA12B14}.Debug|ARM.ActiveCfg = Debug|Any CPU
		{704322A9-460F-4A2C-99F1-0206DEA12B14}.Debug|ARM.Build.0 = Debug|Any CPU
		{704322A9-460F-4A2C-99F1-0206DEA12B14}.Debug|x64.ActiveCfg = Debug|Any CPU
		{704322A9-460F-4A2C-99F1-0206DEA12B14}.Debug|x64.Build.0 = Debug|Any CPU
		{704322A9-460F-4A2C-99F1-0206DEA12B14}.Debug|x86.ActiveCfg = Debug|Any CPU
		{704322A9-460F-4A2C-99F1-0206DEA12B14}.Debug|x86.Build.0 = Debug|Any CPU
		{704322A9-460F-4A2C-99F1-0206DEA12B14}.Release|Any CPU.ActiveCfg = Release|Any CPU
		{704322A9-460F-4A2C-99F1-0206DEA12B14}.Release|Any CPU.Build.0 = Release|Any CPU
		{704322A9-460F-4A2C-99F1-0206DEA12B14}.Release|ARM.ActiveCfg = Release|Any CPU
		{704322A9-460F-4A2C-99F1-0206DEA12B14}.Release|ARM.Build.0 = Release|Any CPU
		{704322A9-460F-4A2C-99F1-0206DEA12B14}.Release|x64.ActiveCfg = Release|Any CPU
		{704322A9-460F-4A2C-99F1-0206DEA12B14}.Release|x64.Build.0 = Release|Any CPU
		{704322A9-460F-4A2C-99F1-0206DEA12B14}.Release|x86.ActiveCfg = Release|Any CPU
		{704322A9-460F-4A2C-99F1-0206DEA12B14}.Release|x86.Build.0 = Release|Any CPU
		{011B3D32-26EE-4398-A373-B0FD4DDB87C2}.Debug|Any CPU.ActiveCfg = Debug|Any CPU
		{011B3D32-26EE-4398-A373-B0FD4DDB87C2}.Debug|Any CPU.Build.0 = Debug|Any CPU
		{011B3D32-26EE-4398-A373-B0FD4DDB87C2}.Debug|ARM.ActiveCfg = Debug|Any CPU
		{011B3D32-26EE-4398-A373-B0FD4DDB87C2}.Debug|ARM.Build.0 = Debug|Any CPU
		{011B3D32-26EE-4398-A373-B0FD4DDB87C2}.Debug|x64.ActiveCfg = Debug|Any CPU
		{011B3D32-26EE-4398-A373-B0FD4DDB87C2}.Debug|x64.Build.0 = Debug|Any CPU
		{011B3D32-26EE-4398-A373-B0FD4DDB87C2}.Debug|x86.ActiveCfg = Debug|Any CPU
		{011B3D32-26EE-4398-A373-B0FD4DDB87C2}.Debug|x86.Build.0 = Debug|Any CPU
		{011B3D32-26EE-4398-A373-B0FD4DDB87C2}.Release|Any CPU.ActiveCfg = Release|Any CPU
		{011B3D32-26EE-4398-A373-B0FD4DDB87C2}.Release|Any CPU.Build.0 = Release|Any CPU
		{011B3D32-26EE-4398-A373-B0FD4DDB87C2}.Release|ARM.ActiveCfg = Release|Any CPU
		{011B3D32-26EE-4398-A373-B0FD4DDB87C2}.Release|ARM.Build.0 = Release|Any CPU
		{011B3D32-26EE-4398-A373-B0FD4DDB87C2}.Release|x64.ActiveCfg = Release|Any CPU
		{011B3D32-26EE-4398-A373-B0FD4DDB87C2}.Release|x64.Build.0 = Release|Any CPU
		{011B3D32-26EE-4398-A373-B0FD4DDB87C2}.Release|x86.ActiveCfg = Release|Any CPU
		{011B3D32-26EE-4398-A373-B0FD4DDB87C2}.Release|x86.Build.0 = Release|Any CPU
	EndGlobalSection
	GlobalSection(SolutionProperties) = preSolution
		HideSolutionNode = FALSE
	EndGlobalSection
	GlobalSection(NestedProjects) = preSolution
		{5B108B0A-73E7-4ABF-A015-7729DEC195CE} = {668EE92C-E856-4A86-871A-5635E55123B8}
		{1A84045A-1CCC-4BBF-A76F-0E0CA40B5189} = {EBE37DF7-A1FE-4449-9EEB-AD7474DBA877}
		{A51ADAA6-E546-4CD3-8524-6A0DA8C049E1} = {EBE37DF7-A1FE-4449-9EEB-AD7474DBA877}
		{8154B41C-838D-4431-AAB0-231D6E9F2DF9} = {D2DEFFB5-0AEE-40C7-8082-1BD8FD67E2D1}
		{704322A9-460F-4A2C-99F1-0206DEA12B14} = {D2DEFFB5-0AEE-40C7-8082-1BD8FD67E2D1}
		{011B3D32-26EE-4398-A373-B0FD4DDB87C2} = {668EE92C-E856-4A86-871A-5635E55123B8}
	EndGlobalSection
EndGlobal
